
Microsoft Visual Studio Solution File, Format Version 12.00
# Visual Studio Version 16
VisualStudioVersion = 16.0.30128.74
MinimumVisualStudioVersion = 10.0.40219.1
Project("{FAE04EC0-301F-11D3-BF4B-00C04F79EFBC}") = "Chef Wars", "Chef Wars\Chef Wars.csproj", "{2AC489E2-4845-4516-BA03-960891AC58B0}"
EndProject
Global
	GlobalSection(SolutionConfigurationPlatforms) = preSolution
		Debug|Any CPU = Debug|Any CPU
		Release|Any CPU = Release|Any CPU
	EndGlobalSection
	GlobalSection(ProjectConfigurationPlatforms) = postSolution
		{2AC489E2-4845-4516-BA03-960891AC58B0}.Debug|Any CPU.ActiveCfg = Debug|Any CPU
		{2AC489E2-4845-4516-BA03-960891AC58B0}.Debug|Any CPU.Build.0 = Debug|Any CPU
		{2AC489E2-4845-4516-BA03-960891AC58B0}.Release|Any CPU.ActiveCfg = Release|Any CPU
		{2AC489E2-4845-4516-BA03-960891AC58B0}.Release|Any CPU.Build.0 = Release|Any CPU
	EndGlobalSection
	GlobalSection(SolutionProperties) = preSolution
		HideSolutionNode = FALSE
	EndGlobalSection
	GlobalSection(ExtensibilityGlobals) = postSolution
		SolutionGuid = {BD2E2068-D332-4365-B314-23C084166317}
	EndGlobalSection
EndGlobal
